
Microsoft Visual Studio Solution File, Format Version 12.00
# Visual Studio Version 17
VisualStudioVersion = 17.5.33627.172
MinimumVisualStudioVersion = 10.0.40219.1
Project("{FAE04EC0-301F-11D3-BF4B-00C04F79EFBC}") = "About-Pc", "About-Pc\About-Pc.csproj", "{765FBE20-EBE7-4129-A271-3A852CF41D7D}"
EndProject
Global
	GlobalSection(SolutionConfigurationPlatforms) = preSolution
		Debug|Any CPU = Debug|Any CPU
		Release|Any CPU = Release|Any CPU
	EndGlobalSection
	GlobalSection(ProjectConfigurationPlatforms) = postSolution
		{765FBE20-EBE7-4129-A271-3A852CF41D7D}.Debug|Any CPU.ActiveCfg = Debug|Any CPU
		{765FBE20-EBE7-4129-A271-3A852CF41D7D}.Debug|Any CPU.Build.0 = Debug|Any CPU
		{765FBE20-EBE7-4129-A271-3A852CF41D7D}.Release|Any CPU.ActiveCfg = Release|Any CPU
		{765FBE20-EBE7-4129-A271-3A852CF41D7D}.Release|Any CPU.Build.0 = Release|Any CPU
	EndGlobalSection
	GlobalSection(SolutionProperties) = preSolution
		HideSolutionNode = FALSE
	EndGlobalSection
	GlobalSection(ExtensibilityGlobals) = postSolution
		SolutionGuid = {04718298-9F32-461B-B53C-B1DAF50E506C}
	EndGlobalSection
EndGlobal
